<?xml version="1.0" encoding="utf-8"?>
<Project ToolsVersion="4.0" xmlns="http://schemas.microsoft.com/developer/msbuild/2003">
  <ItemGroup>
    <Filter Include="Fichiers sources">
      <UniqueIdentifier>{4FC737F1-C7A5-4376-A066-2A32D752A2FF}</UniqueIdentifier>
      <Extensions>cpp;c;cc;cxx;def;odl;idl;hpj;bat;asm;asmx</Extensions>
    </Filter>
    <Filter Include="Fichiers d%27en-tête">
      <UniqueIdentifier>{93995380-89BD-4b04-88EB-625FBE52EBFB}</UniqueIdentifier>
      <Extensions>h;hh;hpp;hxx;hm;inl;inc;xsd</Extensions>
    </Filter>
    <Filter Include="Fichiers de ressources">
      <UniqueIdentifier>{67DA6AB6-F800-4c08-8B7A-83BB121AAD01}</UniqueIdentifier>
      <Extensions>rc;ico;cur;bmp;dlg;rc2;rct;bin;rgs;gif;jpg;jpeg;jpe;resx;tiff;tif;png;wav;mfcribbon-ms</Extensions>
    </Filter>
    <Filter Include="Fichiers sources\util">
      <UniqueIdentifier>{606f2276-14cf-428f-9d7d-dab72f6564f9}</UniqueIdentifier>
    </Filter>
    <Filter Include="Fichiers sources\imgui">
      <UniqueIdentifier>{6d84f085-33cb-46fe-8484-071640f96b24}</UniqueIdentifier>
    </Filter>
    <Filter Include="Fichiers sources\graphic">
      <UniqueIdentifier>{a6a76435-82f7-47d3-808c-cdbdb831cef3}</UniqueIdentifier>
    </Filter>
    <Filter Include="Fichiers sources\entities">
      <UniqueIdentifier>{02c3393a-4668-494c-abe0-a5e69fdee2f8}</UniqueIdentifier>
    </Filter>
  </ItemGroup>
  <ItemGroup>
    <ClCompile Include="src\main.cpp">
      <Filter>Fichiers sources</Filter>
    </ClCompile>
    <ClCompile Include="src\window.cpp">
      <Filter>Fichiers sources</Filter>
    </ClCompile>
    <ClCompile Include="src\imgui_impl_glfw_gl3.cpp">
      <Filter>Fichiers sources\imgui</Filter>
    </ClCompile>
    <ClCompile Include="src\input.cpp">
      <Filter>Fichiers sources\util</Filter>
    </ClCompile>
    <ClCompile Include="src\shader.cpp">
      <Filter>Fichiers sources\graphic</Filter>
    </ClCompile>
    <ClCompile Include="src\entity.cpp">
      <Filter>Fichiers sources\entities</Filter>
    </ClCompile>
    <ClCompile Include="src\scene.cpp">
      <Filter>Fichiers sources\entities</Filter>
    </ClCompile>
    <ClCompile Include="src\component.cpp">
      <Filter>Fichiers sources\entities</Filter>
    </ClCompile>
  </ItemGroup>
  <ItemGroup>
    <ClInclude Include="src\window.h">
      <Filter>Fichiers sources</Filter>
    </ClInclude>
    <ClInclude Include="src\vec.h">
      <Filter>Fichiers sources\util</Filter>
    </ClInclude>
    <ClInclude Include="src\imgui_impl_glfw_gl3.h">
      <Filter>Fichiers sources\imgui</Filter>
    </ClInclude>
    <ClInclude Include="src\input.h">
      <Filter>Fichiers sources\util</Filter>
    </ClInclude>
    <ClInclude Include="src\shader.h">
      <Filter>Fichiers sources\graphic</Filter>
    </ClInclude>
    <ClInclude Include="src\entity.h">
      <Filter>Fichiers sources\entities</Filter>
    </ClInclude>
    <ClInclude Include="src\scene.h">
      <Filter>Fichiers sources\entities</Filter>
    </ClInclude>
    <ClInclude Include="src\component.h">
      <Filter>Fichiers sources\entities</Filter>
    </ClInclude>
    <ClInclude Include="src\factory.h">
      <Filter>Fichiers sources\util</Filter>
    </ClInclude>
  </ItemGroup>
</Project>